# This file is @generated by PDM.
# It is not intended for manual editing.

[metadata]
groups = ["default"]
strategy = ["cross_platform", "inherit_metadata"]
lock_version = "4.4.1"
content_hash = "sha256:f3cb10f26a38e6b39484546f01b937e1ade9cf1500f36bad6f588fe03e9d7cdb"

[[package]]
name = "blinker"
version = "1.7.0"
requires_python = ">=3.8"
summary = "Fast, simple object-to-object and broadcast signaling"
groups = ["default"]
files = [
    {file = "blinker-1.7.0-py3-none-any.whl", hash = "sha256:c3f865d4d54db7abc53758a01601cf343fe55b84c1de4e3fa910e420b438d5b9"},
    {file = "blinker-1.7.0.tar.gz", hash = "sha256:e6820ff6fa4e4d1d8e2747c2283749c3f547e4fee112b98555cdcdae32996182"},
]

[[package]]
name = "certifi"
version = "2024.2.2"
requires_python = ">=3.6"
summary = "Python package for providing Mozilla's CA Bundle."
groups = ["default"]
files = [
    {file = "certifi-2024.2.2-py3-none-any.whl", hash = "sha256:dc383c07b76109f368f6106eee2b593b04a011ea4d55f652c6ca24a754d1cdd1"},
    {file = "certifi-2024.2.2.tar.gz", hash = "sha256:0569859f95fc761b18b45ef421b1290a0f65f147e92a1e5eb3e635f9a5e4e66f"},
]

[[package]]
name = "charset-normalizer"
version = "3.3.2"
requires_python = ">=3.7.0"
summary = "The Real First Universal Charset Detector. Open, modern and actively maintained alternative to Chardet."
groups = ["default"]
files = [
    {file = "charset-normalizer-3.3.2.tar.gz", hash = "sha256:f30c3cb33b24454a82faecaf01b19c18562b1e89558fb6c56de4d9118a032fd5"},
    {file = "charset_normalizer-3.3.2-cp312-cp312-macosx_10_9_universal2.whl", hash = "sha256:0b2b64d2bb6d3fb9112bafa732def486049e63de9618b5843bcdd081d8144cd8"},
    {file = "charset_normalizer-3.3.2-cp312-cp312-macosx_10_9_x86_64.whl", hash = "sha256:ddbb2551d7e0102e7252db79ba445cdab71b26640817ab1e3e3648dad515003b"},
    {file = "charset_normalizer-3.3.2-cp312-cp312-macosx_11_0_arm64.whl", hash = "sha256:55086ee1064215781fff39a1af09518bc9255b50d6333f2e4c74ca09fac6a8f6"},
    {file = "charset_normalizer-3.3.2-cp312-cp312-manylinux_2_17_aarch64.manylinux2014_aarch64.whl", hash = "sha256:8f4a014bc36d3c57402e2977dada34f9c12300af536839dc38c0beab8878f38a"},
    {file = "charset_normalizer-3.3.2-cp312-cp312-manylinux_2_17_ppc64le.manylinux2014_ppc64le.whl", hash = "sha256:a10af20b82360ab00827f916a6058451b723b4e65030c5a18577c8b2de5b3389"},
    {file = "charset_normalizer-3.3.2-cp312-cp312-manylinux_2_17_s390x.manylinux2014_s390x.whl", hash = "sha256:8d756e44e94489e49571086ef83b2bb8ce311e730092d2c34ca8f7d925cb20aa"},
    {file = "charset_normalizer-3.3.2-cp312-cp312-manylinux_2_17_x86_64.manylinux2014_x86_64.whl", hash = "sha256:90d558489962fd4918143277a773316e56c72da56ec7aa3dc3dbbe20fdfed15b"},
    {file = "charset_normalizer-3.3.2-cp312-cp312-manylinux_2_5_i686.manylinux1_i686.manylinux_2_17_i686.manylinux2014_i686.whl", hash = "sha256:6ac7ffc7ad6d040517be39eb591cac5ff87416c2537df6ba3cba3bae290c0fed"},
    {file = "charset_normalizer-3.3.2-cp312-cp312-musllinux_1_1_aarch64.whl", hash = "sha256:7ed9e526742851e8d5cc9e6cf41427dfc6068d4f5a3bb03659444b4cabf6bc26"},
    {file = "charset_normalizer-3.3.2-cp312-cp312-musllinux_1_1_i686.whl", hash = "sha256:8bdb58ff7ba23002a4c5808d608e4e6c687175724f54a5dade5fa8c67b604e4d"},
    {file = "charset_normalizer-3.3.2-cp312-cp312-musllinux_1_1_ppc64le.whl", hash = "sha256:6b3251890fff30ee142c44144871185dbe13b11bab478a88887a639655be1068"},
    {file = "charset_normalizer-3.3.2-cp312-cp312-musllinux_1_1_s390x.whl", hash = "sha256:b4a23f61ce87adf89be746c8a8974fe1c823c891d8f86eb218bb957c924bb143"},
    {file = "charset_normalizer-3.3.2-cp312-cp312-musllinux_1_1_x86_64.whl", hash = "sha256:efcb3f6676480691518c177e3b465bcddf57cea040302f9f4e6e191af91174d4"},
    {file = "charset_normalizer-3.3.2-cp312-cp312-win32.whl", hash = "sha256:d965bba47ddeec8cd560687584e88cf699fd28f192ceb452d1d7ee807c5597b7"},
    {file = "charset_normalizer-3.3.2-cp312-cp312-win_amd64.whl", hash = "sha256:96b02a3dc4381e5494fad39be677abcb5e6634bf7b4fa83a6dd3112607547001"},
    {file = "charset_normalizer-3.3.2-py3-none-any.whl", hash = "sha256:3e4d1f6587322d2788836a99c69062fbb091331ec940e02d12d179c1d53e25fc"},
]

[[package]]
name = "click"
version = "8.1.7"
requires_python = ">=3.7"
summary = "Composable command line interface toolkit"
groups = ["default"]
dependencies = [
    "colorama; platform_system == \"Windows\"",
]
files = [
    {file = "click-8.1.7-py3-none-any.whl", hash = "sha256:ae74fb96c20a0277a1d615f1e4d73c8414f5a98db8b799a7931d1582f3390c28"},
    {file = "click-8.1.7.tar.gz", hash = "sha256:ca9853ad459e787e2192211578cc907e7594e294c7ccc834310722b41b9ca6de"},
]

[[package]]
name = "colorama"
version = "0.4.6"
requires_python = "!=3.0.*,!=3.1.*,!=3.2.*,!=3.3.*,!=3.4.*,!=3.5.*,!=3.6.*,>=2.7"
summary = "Cross-platform colored terminal text."
groups = ["default"]
marker = "platform_system == \"Windows\""
files = [
    {file = "colorama-0.4.6-py2.py3-none-any.whl", hash = "sha256:4f1d9991f5acc0ca119f9d443620b77f9d6b33703e51011c16baf57afb285fc6"},
    {file = "colorama-0.4.6.tar.gz", hash = "sha256:08695f5cb7ed6e0531a20572697297273c47b8cae5a63ffc6d6ed5c201be6e44"},
]

[[package]]
name = "dash"
version = "2.16.1"
requires_python = ">=3.8"
summary = "A Python framework for building reactive web-apps. Developed by Plotly."
groups = ["default"]
dependencies = [
    "Flask<3.1,>=1.0.4",
    "Werkzeug<3.1",
    "dash-core-components==2.0.0",
    "dash-html-components==2.0.0",
    "dash-table==5.0.0",
    "importlib-metadata",
    "nest-asyncio",
    "plotly>=5.0.0",
    "requests",
    "retrying",
    "setuptools",
    "typing-extensions>=4.1.1",
]
files = [
    {file = "dash-2.16.1-py3-none-any.whl", hash = "sha256:8a9d2a618e415113c0b2a4d25d5dc4df5cb921f733b33dde75559db2316b1df1"},
    {file = "dash-2.16.1.tar.gz", hash = "sha256:b2871d6b8d4c9dfd0a64f89f22d001c93292910b41d92d9ff2bb424a28283976"},
]

[[package]]
name = "dash-core-components"
version = "2.0.0"
summary = "Core component suite for Dash"
groups = ["default"]
files = [
    {file = "dash_core_components-2.0.0-py3-none-any.whl", hash = "sha256:52b8e8cce13b18d0802ee3acbc5e888cb1248a04968f962d63d070400af2e346"},
    {file = "dash_core_components-2.0.0.tar.gz", hash = "sha256:c6733874af975e552f95a1398a16c2ee7df14ce43fa60bb3718a3c6e0b63ffee"},
]

[[package]]
name = "dash-html-components"
version = "2.0.0"
summary = "Vanilla HTML components for Dash"
groups = ["default"]
files = [
    {file = "dash_html_components-2.0.0-py3-none-any.whl", hash = "sha256:b42cc903713c9706af03b3f2548bda4be7307a7cf89b7d6eae3da872717d1b63"},
    {file = "dash_html_components-2.0.0.tar.gz", hash = "sha256:8703a601080f02619a6390998e0b3da4a5daabe97a1fd7a9cebc09d015f26e50"},
]

[[package]]
name = "dash-table"
version = "5.0.0"
summary = "Dash table"
groups = ["default"]
files = [
    {file = "dash_table-5.0.0-py3-none-any.whl", hash = "sha256:19036fa352bb1c11baf38068ec62d172f0515f73ca3276c79dee49b95ddc16c9"},
    {file = "dash_table-5.0.0.tar.gz", hash = "sha256:18624d693d4c8ef2ddec99a6f167593437a7ea0bf153aa20f318c170c5bc7308"},
]

[[package]]
name = "flask"
version = "3.0.2"
requires_python = ">=3.8"
summary = "A simple framework for building complex web applications."
groups = ["default"]
dependencies = [
    "Jinja2>=3.1.2",
    "Werkzeug>=3.0.0",
    "blinker>=1.6.2",
    "click>=8.1.3",
    "itsdangerous>=2.1.2",
]
files = [
    {file = "flask-3.0.2-py3-none-any.whl", hash = "sha256:3232e0e9c850d781933cf0207523d1ece087eb8d87b23777ae38456e2fbe7c6e"},
    {file = "flask-3.0.2.tar.gz", hash = "sha256:822c03f4b799204250a7ee84b1eddc40665395333973dfb9deebfe425fefcb7d"},
]

[[package]]
name = "idna"
version = "3.6"
requires_python = ">=3.5"
summary = "Internationalized Domain Names in Applications (IDNA)"
groups = ["default"]
files = [
    {file = "idna-3.6-py3-none-any.whl", hash = "sha256:c05567e9c24a6b9faaa835c4821bad0590fbb9d5779e7caa6e1cc4978e7eb24f"},
    {file = "idna-3.6.tar.gz", hash = "sha256:9ecdbbd083b06798ae1e86adcbfe8ab1479cf864e4ee30fe4e46a003d12491ca"},
]

[[package]]
name = "importlib-metadata"
version = "7.0.2"
requires_python = ">=3.8"
summary = "Read metadata from Python packages"
groups = ["default"]
dependencies = [
    "zipp>=0.5",
]
files = [
    {file = "importlib_metadata-7.0.2-py3-none-any.whl", hash = "sha256:f4bc4c0c070c490abf4ce96d715f68e95923320370efb66143df00199bb6c100"},
    {file = "importlib_metadata-7.0.2.tar.gz", hash = "sha256:198f568f3230878cb1b44fbd7975f87906c22336dba2e4a7f05278c281fbd792"},
]

[[package]]
name = "itsdangerous"
version = "2.1.2"
requires_python = ">=3.7"
summary = "Safely pass data to untrusted environments and back."
groups = ["default"]
files = [
    {file = "itsdangerous-2.1.2-py3-none-any.whl", hash = "sha256:2c2349112351b88699d8d4b6b075022c0808887cb7ad10069318a8b0bc88db44"},
    {file = "itsdangerous-2.1.2.tar.gz", hash = "sha256:5dbbc68b317e5e42f327f9021763545dc3fc3bfe22e6deb96aaf1fc38874156a"},
]

[[package]]
name = "jinja2"
version = "3.1.3"
requires_python = ">=3.7"
summary = "A very fast and expressive template engine."
groups = ["default"]
dependencies = [
    "MarkupSafe>=2.0",
]
files = [
    {file = "Jinja2-3.1.3-py3-none-any.whl", hash = "sha256:7d6d50dd97d52cbc355597bd845fabfbac3f551e1f99619e39a35ce8c370b5fa"},
    {file = "Jinja2-3.1.3.tar.gz", hash = "sha256:ac8bd6544d4bb2c9792bf3a159e80bba8fda7f07e81bc3aed565432d5925ba90"},
]

[[package]]
name = "markupsafe"
version = "2.1.5"
requires_python = ">=3.7"
summary = "Safely add untrusted strings to HTML/XML markup."
groups = ["default"]
files = [
    {file = "MarkupSafe-2.1.5-cp312-cp312-macosx_10_9_universal2.whl", hash = "sha256:8dec4936e9c3100156f8a2dc89c4b88d5c435175ff03413b443469c7c8c5f4d1"},
    {file = "MarkupSafe-2.1.5-cp312-cp312-macosx_10_9_x86_64.whl", hash = "sha256:3c6b973f22eb18a789b1460b4b91bf04ae3f0c4234a0a6aa6b0a92f6f7b951d4"},
    {file = "MarkupSafe-2.1.5-cp312-cp312-manylinux_2_17_aarch64.manylinux2014_aarch64.whl", hash = "sha256:ac07bad82163452a6884fe8fa0963fb98c2346ba78d779ec06bd7a6262132aee"},
    {file = "MarkupSafe-2.1.5-cp312-cp312-manylinux_2_17_x86_64.manylinux2014_x86_64.whl", hash = "sha256:f5dfb42c4604dddc8e4305050aa6deb084540643ed5804d7455b5df8fe16f5e5"},
    {file = "MarkupSafe-2.1.5-cp312-cp312-manylinux_2_5_i686.manylinux1_i686.manylinux_2_17_i686.manylinux2014_i686.whl", hash = "sha256:ea3d8a3d18833cf4304cd2fc9cbb1efe188ca9b5efef2bdac7adc20594a0e46b"},
    {file = "MarkupSafe-2.1.5-cp312-cp312-musllinux_1_1_aarch64.whl", hash = "sha256:d050b3361367a06d752db6ead6e7edeb0009be66bc3bae0ee9d97fb326badc2a"},
    {file = "MarkupSafe-2.1.5-cp312-cp312-musllinux_1_1_i686.whl", hash = "sha256:bec0a414d016ac1a18862a519e54b2fd0fc8bbfd6890376898a6c0891dd82e9f"},
    {file = "MarkupSafe-2.1.5-cp312-cp312-musllinux_1_1_x86_64.whl", hash = "sha256:58c98fee265677f63a4385256a6d7683ab1832f3ddd1e66fe948d5880c21a169"},
    {file = "MarkupSafe-2.1.5-cp312-cp312-win32.whl", hash = "sha256:8590b4ae07a35970728874632fed7bd57b26b0102df2d2b233b6d9d82f6c62ad"},
    {file = "MarkupSafe-2.1.5-cp312-cp312-win_amd64.whl", hash = "sha256:823b65d8706e32ad2df51ed89496147a42a2a6e01c13cfb6ffb8b1e92bc910bb"},
    {file = "MarkupSafe-2.1.5.tar.gz", hash = "sha256:d283d37a890ba4c1ae73ffadf8046435c76e7bc2247bbb63c00bd1a709c6544b"},
]

[[package]]
name = "nest-asyncio"
version = "1.6.0"
requires_python = ">=3.5"
summary = "Patch asyncio to allow nested event loops"
groups = ["default"]
files = [
    {file = "nest_asyncio-1.6.0-py3-none-any.whl", hash = "sha256:87af6efd6b5e897c81050477ef65c62e2b2f35d51703cae01aff2905b1852e1c"},
    {file = "nest_asyncio-1.6.0.tar.gz", hash = "sha256:6f172d5449aca15afd6c646851f4e31e02c598d553a667e38cafa997cfec55fe"},
]

[[package]]
name = "packaging"
version = "24.0"
requires_python = ">=3.7"
summary = "Core utilities for Python packages"
groups = ["default"]
files = [
    {file = "packaging-24.0-py3-none-any.whl", hash = "sha256:2ddfb553fdf02fb784c234c7ba6ccc288296ceabec964ad2eae3777778130bc5"},
    {file = "packaging-24.0.tar.gz", hash = "sha256:eb82c5e3e56209074766e6885bb04b8c38a0c015d0a30036ebe7ece34c9989e9"},
]

[[package]]
name = "plotly"
version = "5.20.0"
requires_python = ">=3.8"
summary = "An open-source, interactive data visualization library for Python"
groups = ["default"]
dependencies = [
    "packaging",
    "tenacity>=6.2.0",
]
files = [
    {file = "plotly-5.20.0-py3-none-any.whl", hash = "sha256:837a9c8aa90f2c0a2f0d747b82544d014dc2a2bdde967b5bb1da25b53932d1a9"},
    {file = "plotly-5.20.0.tar.gz", hash = "sha256:bf901c805d22032cfa534b2ff7c5aa6b0659e037f19ec1e0cca7f585918b5c89"},
]

[[package]]
name = "requests"
version = "2.31.0"
requires_python = ">=3.7"
summary = "Python HTTP for Humans."
groups = ["default"]
dependencies = [
    "certifi>=2017.4.17",
    "charset-normalizer<4,>=2",
    "idna<4,>=2.5",
    "urllib3<3,>=1.21.1",
]
files = [
    {file = "requests-2.31.0-py3-none-any.whl", hash = "sha256:58cd2187c01e70e6e26505bca751777aa9f2ee0b7f4300988b709f44e013003f"},
    {file = "requests-2.31.0.tar.gz", hash = "sha256:942c5a758f98d790eaed1a29cb6eefc7ffb0d1cf7af05c3d2791656dbd6ad1e1"},
]

[[package]]
name = "retrying"
version = "1.3.4"
summary = "Retrying"
groups = ["default"]
dependencies = [
    "six>=1.7.0",
]
files = [
    {file = "retrying-1.3.4-py3-none-any.whl", hash = "sha256:8cc4d43cb8e1125e0ff3344e9de678fefd85db3b750b81b2240dc0183af37b35"},
    {file = "retrying-1.3.4.tar.gz", hash = "sha256:345da8c5765bd982b1d1915deb9102fd3d1f7ad16bd84a9700b85f64d24e8f3e"},
]

[[package]]
name = "setuptools"
version = "69.2.0"
requires_python = ">=3.8"
summary = "Easily download, build, install, upgrade, and uninstall Python packages"
groups = ["default"]
files = [
    {file = "setuptools-69.2.0-py3-none-any.whl", hash = "sha256:c21c49fb1042386df081cb5d86759792ab89efca84cf114889191cd09aacc80c"},
    {file = "setuptools-69.2.0.tar.gz", hash = "sha256:0ff4183f8f42cd8fa3acea16c45205521a4ef28f73c6391d8a25e92893134f2e"},
]

[[package]]
name = "six"
version = "1.16.0"
requires_python = ">=2.7, !=3.0.*, !=3.1.*, !=3.2.*"
summary = "Python 2 and 3 compatibility utilities"
groups = ["default"]
files = [
    {file = "six-1.16.0-py2.py3-none-any.whl", hash = "sha256:8abb2f1d86890a2dfb989f9a77cfcfd3e47c2a354b01111771326f8aa26e0254"},
    {file = "six-1.16.0.tar.gz", hash = "sha256:1e61c37477a1626458e36f7b1d82aa5c9b094fa4802892072e49de9c60c4c926"},
]

[[package]]
name = "tenacity"
version = "8.2.3"
requires_python = ">=3.7"
summary = "Retry code until it succeeds"
groups = ["default"]
files = [
    {file = "tenacity-8.2.3-py3-none-any.whl", hash = "sha256:ce510e327a630c9e1beaf17d42e6ffacc88185044ad85cf74c0a8887c6a0f88c"},
    {file = "tenacity-8.2.3.tar.gz", hash = "sha256:5398ef0d78e63f40007c1fb4c0bff96e1911394d2fa8d194f77619c05ff6cc8a"},
]

[[package]]
name = "typing-extensions"
version = "4.10.0"
requires_python = ">=3.8"
summary = "Backported and Experimental Type Hints for Python 3.8+"
groups = ["default"]
files = [
    {file = "typing_extensions-4.10.0-py3-none-any.whl", hash = "sha256:69b1a937c3a517342112fb4c6df7e72fc39a38e7891a5730ed4985b5214b5475"},
    {file = "typing_extensions-4.10.0.tar.gz", hash = "sha256:b0abd7c89e8fb96f98db18d86106ff1d90ab692004eb746cf6eda2682f91b3cb"},
]

[[package]]
name = "urllib3"
version = "2.2.1"
requires_python = ">=3.8"
summary = "HTTP library with thread-safe connection pooling, file post, and more."
groups = ["default"]
files = [
    {file = "urllib3-2.2.1-py3-none-any.whl", hash = "sha256:450b20ec296a467077128bff42b73080516e71b56ff59a60a02bef2232c4fa9d"},
    {file = "urllib3-2.2.1.tar.gz", hash = "sha256:d0570876c61ab9e520d776c38acbbb5b05a776d3f9ff98a5c8fd5162a444cf19"},
]

[[package]]
name = "werkzeug"
version = "3.0.1"
requires_python = ">=3.8"
summary = "The comprehensive WSGI web application library."
groups = ["default"]
dependencies = [
    "MarkupSafe>=2.1.1",
]
files = [
    {file = "werkzeug-3.0.1-py3-none-any.whl", hash = "sha256:90a285dc0e42ad56b34e696398b8122ee4c681833fb35b8334a095d82c56da10"},
    {file = "werkzeug-3.0.1.tar.gz", hash = "sha256:507e811ecea72b18a404947aded4b3390e1db8f826b494d76550ef45bb3b1dcc"},
]

[[package]]
name = "zipp"
version = "3.18.0"
requires_python = ">=3.8"
summary = "Backport of pathlib-compatible object wrapper for zip files"
groups = ["default"]
files = [
    {file = "zipp-3.18.0-py3-none-any.whl", hash = "sha256:c1bb803ed69d2cce2373152797064f7e79bc43f0a3748eb494096a867e0ebf79"},
    {file = "zipp-3.18.0.tar.gz", hash = "sha256:df8d042b02765029a09b157efd8e820451045890acc30f8e37dd2f94a060221f"},
]
